
Microsoft Visual Studio Solution File, Format Version 12.00
# Visual Studio Version 16
VisualStudioVersion = 16.0.31729.503
MinimumVisualStudioVersion = 10.0.40219.1
Project("{FAE04EC0-301F-11D3-BF4B-00C04F79EFBC}") = "validation", "validation\validation.csproj", "{AFECF060-53A7-4E0C-931C-123FF78A589C}"
EndProject
Global
	GlobalSection(SolutionConfigurationPlatforms) = preSolution
		Debug|Any CPU = Debug|Any CPU
		Release|Any CPU = Release|Any CPU
	EndGlobalSection
	GlobalSection(ProjectConfigurationPlatforms) = postSolution
		{AFECF060-53A7-4E0C-931C-123FF78A589C}.Debug|Any CPU.ActiveCfg = Debug|Any CPU
		{AFECF060-53A7-4E0C-931C-123FF78A589C}.Debug|Any CPU.Build.0 = Debug|Any CPU
		{AFECF060-53A7-4E0C-931C-123FF78A589C}.Release|Any CPU.ActiveCfg = Release|Any CPU
		{AFECF060-53A7-4E0C-931C-123FF78A589C}.Release|Any CPU.Build.0 = Release|Any CPU
	EndGlobalSection
	GlobalSection(SolutionProperties) = preSolution
		HideSolutionNode = FALSE
	EndGlobalSection
	GlobalSection(ExtensibilityGlobals) = postSolution
		SolutionGuid = {D5B20A49-6FB9-4C2D-94FD-C99AFA0F9E32}
	EndGlobalSection
EndGlobal
